<?xml version="1.0" encoding="utf-8"?>
<Project ToolsVersion="4.0" xmlns="http://schemas.microsoft.com/developer/msbuild/2003">
  <ItemGroup>
    <Filter Include="Source Files">
      <UniqueIdentifier>{4FC737F1-C7A5-4376-A066-2A32D752A2FF}</UniqueIdentifier>
      <Extensions>cpp;c;cc;cxx;c++;cppm;ixx;def;odl;idl;hpj;bat;asm;asmx</Extensions>
    </Filter>
    <Filter Include="Header Files">
      <UniqueIdentifier>{93995380-89BD-4b04-88EB-625FBE52EBFB}</UniqueIdentifier>
      <Extensions>h;hh;hpp;hxx;h++;hm;inl;inc;ipp;xsd</Extensions>
    </Filter>
    <Filter Include="Resource Files">
      <UniqueIdentifier>{67DA6AB6-F800-4c08-8B7A-83BB121AAD01}</UniqueIdentifier>
      <Extensions>rc;ico;cur;bmp;dlg;rc2;rct;bin;rgs;gif;jpg;jpeg;jpe;resx;tiff;tif;png;wav;mfcribbon-ms</Extensions>
    </Filter>
  </ItemGroup>
  <ItemGroup>
    <ClInclude Include="CConsole.h">
      <Filter>Header Files</Filter>
    </ClInclude>
    <ClInclude Include="LIDConsole.h">
      <Filter>Header Files</Filter>
    </ClInclude>
    <ClInclude Include="pch.hpp">
      <Filter>Header Files</Filter>
    </ClInclude>
    <ClInclude Include="LID\SdkHeaders.hpp">
      <Filter>Header Files</Filter>
    </ClInclude>
    <ClInclude Include="LID\GameDefines.hpp">
      <Filter>Header Files</Filter>
    </ClInclude>
    <ClInclude Include="Extensions\Extensions\Colors.hpp">
      <Filter>Header Files</Filter>
    </ClInclude>
    <ClInclude Include="Extensions\Extensions\Formatting.hpp">
      <Filter>Header Files</Filter>
    </ClInclude>
    <ClInclude Include="Extensions\Extensions\Math.hpp">
      <Filter>Header Files</Filter>
    </ClInclude>
    <ClInclude Include="Extensions\Extensions\Memory.hpp">
      <Filter>Header Files</Filter>
    </ClInclude>
    <ClInclude Include="Extensions\Extensions\UnrealMemory.hpp">
      <Filter>Header Files</Filter>
    </ClInclude>
    <ClInclude Include="UEHooker.h">
      <Filter>Header Files</Filter>
    </ClInclude>
    <ClInclude Include="VMTH.h">
      <Filter>Header Files</Filter>
    </ClInclude>
  </ItemGroup>
  <ItemGroup>
    <ClCompile Include="dllmain.cpp">
      <Filter>Source Files</Filter>
    </ClCompile>
    <ClCompile Include="CConsole.cpp">
      <Filter>Source Files</Filter>
    </ClCompile>
    <ClCompile Include="LIDConsole.cpp">
      <Filter>Source Files</Filter>
    </ClCompile>
    <ClCompile Include="LID\GameDefines.cpp">
      <Filter>Source Files</Filter>
    </ClCompile>
    <ClCompile Include="Extensions\Extensions\Colors.cpp">
      <Filter>Source Files</Filter>
    </ClCompile>
    <ClCompile Include="Extensions\Extensions\Formatting.cpp">
      <Filter>Source Files</Filter>
    </ClCompile>
    <ClCompile Include="Extensions\Extensions\Math.cpp">
      <Filter>Source Files</Filter>
    </ClCompile>
    <ClCompile Include="Extensions\Extensions\Memory.cpp">
      <Filter>Source Files</Filter>
    </ClCompile>
    <ClCompile Include="Extensions\Extensions\UnrealMemory.cpp">
      <Filter>Source Files</Filter>
    </ClCompile>
    <ClCompile Include="UEHooker.cpp">
      <Filter>Source Files</Filter>
    </ClCompile>
    <ClCompile Include="LID\SDK_HEADERS\Core_classes.cpp">
      <Filter>Source Files</Filter>
    </ClCompile>
    <ClCompile Include="LID\SDK_HEADERS\Engine_classes.cpp">
      <Filter>Source Files</Filter>
    </ClCompile>
    <ClCompile Include="LID\SDK_HEADERS\BrgGame_classes.cpp">
      <Filter>Source Files</Filter>
    </ClCompile>
    <ClCompile Include="LID\SDK_HEADERS\GHMEngine_classes.cpp">
      <Filter>Source Files</Filter>
    </ClCompile>
    <ClCompile Include="VMTH.cpp">
      <Filter>Source Files</Filter>
    </ClCompile>
  </ItemGroup>
</Project>